
Microsoft Visual Studio Solution File, Format Version 12.00
# Visual Studio Version 16
VisualStudioVersion = 16.0.29613.14
MinimumVisualStudioVersion = 10.0.40219.1
Project("{FAE04EC0-301F-11D3-BF4B-00C04F79EFBC}") = "Register_BackEnd", "Register_BackEnd\Register_BackEnd.csproj", "{D350ECA8-875F-4FCA-B615-99E2BB8095A0}"
EndProject
Global
	GlobalSection(SolutionConfigurationPlatforms) = preSolution
		Debug|Any CPU = Debug|Any CPU
		Release|Any CPU = Release|Any CPU
	EndGlobalSection
	GlobalSection(ProjectConfigurationPlatforms) = postSolution
		{D350ECA8-875F-4FCA-B615-99E2BB8095A0}.Debug|Any CPU.ActiveCfg = Debug|Any CPU
		{D350ECA8-875F-4FCA-B615-99E2BB8095A0}.Debug|Any CPU.Build.0 = Debug|Any CPU
		{D350ECA8-875F-4FCA-B615-99E2BB8095A0}.Release|Any CPU.ActiveCfg = Release|Any CPU
		{D350ECA8-875F-4FCA-B615-99E2BB8095A0}.Release|Any CPU.Build.0 = Release|Any CPU
	EndGlobalSection
	GlobalSection(SolutionProperties) = preSolution
		HideSolutionNode = FALSE
	EndGlobalSection
	GlobalSection(ExtensibilityGlobals) = postSolution
		SolutionGuid = {C8180660-57CF-4D0D-95B2-73740B875F55}
	EndGlobalSection
EndGlobal
